
Microsoft Visual Studio Solution File, Format Version 11.00
# Visual Studio 2010
Project("{FAE04EC0-301F-11D3-BF4B-00C04F79EFBC}") = "WordCollection", "WordCollection\WordCollection.csproj", "{BF5A6F60-F409-4D32-9BAF-3B59F1CEFB36}"
EndProject
Project("{FAE04EC0-301F-11D3-BF4B-00C04F79EFBC}") = "words", "words\words.csproj", "{B7763939-542C-4AC4-A592-8BF38445E1F0}"
EndProject
Global
	GlobalSection(SolutionConfigurationPlatforms) = preSolution
		Debug|Any CPU = Debug|Any CPU
		Release|Any CPU = Release|Any CPU
	EndGlobalSection
	GlobalSection(ProjectConfigurationPlatforms) = postSolution
		{BF5A6F60-F409-4D32-9BAF-3B59F1CEFB36}.Debug|Any CPU.ActiveCfg = Debug|Any CPU
		{BF5A6F60-F409-4D32-9BAF-3B59F1CEFB36}.Debug|Any CPU.Build.0 = Debug|Any CPU
		{BF5A6F60-F409-4D32-9BAF-3B59F1CEFB36}.Release|Any CPU.ActiveCfg = Release|Any CPU
		{BF5A6F60-F409-4D32-9BAF-3B59F1CEFB36}.Release|Any CPU.Build.0 = Release|Any CPU
		{B7763939-542C-4AC4-A592-8BF38445E1F0}.Debug|Any CPU.ActiveCfg = Debug|Any CPU
		{B7763939-542C-4AC4-A592-8BF38445E1F0}.Debug|Any CPU.Build.0 = Debug|Any CPU
		{B7763939-542C-4AC4-A592-8BF38445E1F0}.Release|Any CPU.ActiveCfg = Release|Any CPU
		{B7763939-542C-4AC4-A592-8BF38445E1F0}.Release|Any CPU.Build.0 = Release|Any CPU
	EndGlobalSection
	GlobalSection(SolutionProperties) = preSolution
		HideSolutionNode = FALSE
	EndGlobalSection
EndGlobal
